
Microsoft Visual Studio Solution File, Format Version 12.00
# Visual Studio Version 16
VisualStudioVersion = 16.0.29806.167
MinimumVisualStudioVersion = 10.0.40219.1
Project("{FAE04EC0-301F-11D3-BF4B-00C04F79EFBC}") = "ExpensesAPI", "ExpensesAPI\ExpensesAPI.csproj", "{7F60A274-7A6C-47CF-8FAA-B14C5A918FF5}"
EndProject
Project("{FAE04EC0-301F-11D3-BF4B-00C04F79EFBC}") = "ExpensesAPI.Tests", "ExpensesAPI.Tests\ExpensesAPI.Tests.csproj", "{27649E4B-2364-43CB-AB3C-ADEED7726165}"
EndProject
Global
	GlobalSection(SolutionConfigurationPlatforms) = preSolution
		Debug|Any CPU = Debug|Any CPU
		Release|Any CPU = Release|Any CPU
	EndGlobalSection
	GlobalSection(ProjectConfigurationPlatforms) = postSolution
		{7F60A274-7A6C-47CF-8FAA-B14C5A918FF5}.Debug|Any CPU.ActiveCfg = Debug|Any CPU
		{7F60A274-7A6C-47CF-8FAA-B14C5A918FF5}.Debug|Any CPU.Build.0 = Debug|Any CPU
		{7F60A274-7A6C-47CF-8FAA-B14C5A918FF5}.Release|Any CPU.ActiveCfg = Release|Any CPU
		{7F60A274-7A6C-47CF-8FAA-B14C5A918FF5}.Release|Any CPU.Build.0 = Release|Any CPU
		{27649E4B-2364-43CB-AB3C-ADEED7726165}.Debug|Any CPU.ActiveCfg = Debug|Any CPU
		{27649E4B-2364-43CB-AB3C-ADEED7726165}.Debug|Any CPU.Build.0 = Debug|Any CPU
		{27649E4B-2364-43CB-AB3C-ADEED7726165}.Release|Any CPU.ActiveCfg = Release|Any CPU
		{27649E4B-2364-43CB-AB3C-ADEED7726165}.Release|Any CPU.Build.0 = Release|Any CPU
	EndGlobalSection
	GlobalSection(SolutionProperties) = preSolution
		HideSolutionNode = FALSE
	EndGlobalSection
	GlobalSection(ExtensibilityGlobals) = postSolution
		SolutionGuid = {A3D87215-CE40-4A50-9107-F335B36367E8}
	EndGlobalSection
EndGlobal
